// !$*UTF8*$!
{
	archiveVersion = 1;
	classes = {
	};
	objectVersion = 46;
	objects = {

/* Begin PBXAggregateTarget section */
		"ios-core-library::ios-core-libraryPackageTests::ProductTarget" /* ios-core-libraryPackageTests */ = {
			isa = PBXAggregateTarget;
			buildConfigurationList = OBJ_253 /* Build configuration list for PBXAggregateTarget "ios-core-libraryPackageTests" */;
			buildPhases = (
			);
			dependencies = (
				OBJ_256 /* PBXTargetDependency */,
			);
			name = "ios-core-libraryPackageTests";
			productName = "ios-core-libraryPackageTests";
		};
/* End PBXAggregateTarget section */

/* Begin PBXBuildFile section */
		6C4B908425374870006D4DB0 /* MockInfoPListService.swift in Sources */ = {isa = PBXBuildFile; fileRef = 6C4B907325374870006D4DB0 /* MockInfoPListService.swift */; };
		6C4B908525374870006D4DB0 /* MockCoreNamespaces.swift in Sources */ = {isa = PBXBuildFile; fileRef = 6C4B907425374870006D4DB0 /* MockCoreNamespaces.swift */; };
		6C4B908625374870006D4DB0 /* MockUserDefaults.swift in Sources */ = {isa = PBXBuildFile; fileRef = 6C4B907525374870006D4DB0 /* MockUserDefaults.swift */; };
		6C4B908725374870006D4DB0 /* MockDeviceInfoService.swift in Sources */ = {isa = PBXBuildFile; fileRef = 6C4B907625374870006D4DB0 /* MockDeviceInfoService.swift */; };
		6C4B908825374870006D4DB0 /* MockJourneyService.swift in Sources */ = {isa = PBXBuildFile; fileRef = 6C4B907725374870006D4DB0 /* MockJourneyService.swift */; };
		6C4B908925374870006D4DB0 /* MockDateService.swift in Sources */ = {isa = PBXBuildFile; fileRef = 6C4B907825374870006D4DB0 /* MockDateService.swift */; };
		6C4B908A25374870006D4DB0 /* MockSpinner.swift in Sources */ = {isa = PBXBuildFile; fileRef = 6C4B907925374870006D4DB0 /* MockSpinner.swift */; };
		6C4B908B25374870006D4DB0 /* MockAppInfoService.swift in Sources */ = {isa = PBXBuildFile; fileRef = 6C4B907A25374870006D4DB0 /* MockAppInfoService.swift */; };
		6C4B908C25374870006D4DB0 /* MockApplicationStateService.swift in Sources */ = {isa = PBXBuildFile; fileRef = 6C4B907B25374870006D4DB0 /* MockApplicationStateService.swift */; };
		6C4B908D25374870006D4DB0 /* CoreMockBase.swift in Sources */ = {isa = PBXBuildFile; fileRef = 6C4B907C25374870006D4DB0 /* CoreMockBase.swift */; };
		6C4B908E25374870006D4DB0 /* MockCoreNetworkService.swift in Sources */ = {isa = PBXBuildFile; fileRef = 6C4B907D25374870006D4DB0 /* MockCoreNetworkService.swift */; };
		6C4B908F25374870006D4DB0 /* MockCoreHTTPService.swift in Sources */ = {isa = PBXBuildFile; fileRef = 6C4B907E25374870006D4DB0 /* MockCoreHTTPService.swift */; };
		6C4B909025374870006D4DB0 /* CoreUnitTestCase.swift in Sources */ = {isa = PBXBuildFile; fileRef = 6C4B907F25374870006D4DB0 /* CoreUnitTestCase.swift */; };
		6C4B909125374870006D4DB0 /* CoreTestCase.swift in Sources */ = {isa = PBXBuildFile; fileRef = 6C4B908025374870006D4DB0 /* CoreTestCase.swift */; };
		6C4B909225374870006D4DB0 /* CoreTestHelpers.swift in Sources */ = {isa = PBXBuildFile; fileRef = 6C4B908125374870006D4DB0 /* CoreTestHelpers.swift */; };
		6C4B909325374870006D4DB0 /* CoreTestConstants.swift in Sources */ = {isa = PBXBuildFile; fileRef = 6C4B908225374870006D4DB0 /* CoreTestConstants.swift */; };
		OBJ_140 /* Device.generated.swift in Sources */ = {isa = PBXBuildFile; fileRef = OBJ_120 /* Device.generated.swift */; };
		OBJ_147 /* Package.swift in Sources */ = {isa = PBXBuildFile; fileRef = OBJ_119 /* Package.swift */; };
		OBJ_153 /* RSSwizzle.m in Sources */ = {isa = PBXBuildFile; fileRef = OBJ_85 /* RSSwizzle.m */; };
		OBJ_154 /* init_registry_tables.c in Sources */ = {isa = PBXBuildFile; fileRef = OBJ_88 /* init_registry_tables.c */; };
		OBJ_155 /* registry_search.c in Sources */ = {isa = PBXBuildFile; fileRef = OBJ_89 /* registry_search.c */; };
		OBJ_156 /* trie_search.c in Sources */ = {isa = PBXBuildFile; fileRef = OBJ_90 /* trie_search.c */; };
		OBJ_157 /* tsk_assert.c in Sources */ = {isa = PBXBuildFile; fileRef = OBJ_91 /* tsk_assert.c */; };
		OBJ_158 /* TSKSPKIHashCache.m in Sources */ = {isa = PBXBuildFile; fileRef = OBJ_93 /* TSKSPKIHashCache.m */; };
		OBJ_159 /* ssl_pin_verifier.m in Sources */ = {isa = PBXBuildFile; fileRef = OBJ_94 /* ssl_pin_verifier.m */; };
		OBJ_160 /* TSKBackgroundReporter.m in Sources */ = {isa = PBXBuildFile; fileRef = OBJ_96 /* TSKBackgroundReporter.m */; };
		OBJ_161 /* TSKPinFailureReport.m in Sources */ = {isa = PBXBuildFile; fileRef = OBJ_97 /* TSKPinFailureReport.m */; };
		OBJ_162 /* TSKReportsRateLimiter.m in Sources */ = {isa = PBXBuildFile; fileRef = OBJ_98 /* TSKReportsRateLimiter.m */; };
		OBJ_163 /* reporting_utils.m in Sources */ = {isa = PBXBuildFile; fileRef = OBJ_99 /* reporting_utils.m */; };
		OBJ_164 /* vendor_identifier.m in Sources */ = {isa = PBXBuildFile; fileRef = OBJ_100 /* vendor_identifier.m */; };
		OBJ_165 /* TSKNSURLConnectionDelegateProxy.m in Sources */ = {isa = PBXBuildFile; fileRef = OBJ_102 /* TSKNSURLConnectionDelegateProxy.m */; };
		OBJ_166 /* TSKNSURLSessionDelegateProxy.m in Sources */ = {isa = PBXBuildFile; fileRef = OBJ_103 /* TSKNSURLSessionDelegateProxy.m */; };
		OBJ_167 /* TSKPinningValidator.m in Sources */ = {isa = PBXBuildFile; fileRef = OBJ_104 /* TSKPinningValidator.m */; };
		OBJ_168 /* TSKPinningValidatorResult.m in Sources */ = {isa = PBXBuildFile; fileRef = OBJ_105 /* TSKPinningValidatorResult.m */; };
		OBJ_169 /* TSKTrustKitConfig.m in Sources */ = {isa = PBXBuildFile; fileRef = OBJ_106 /* TSKTrustKitConfig.m */; };
		OBJ_170 /* TrustKit.m in Sources */ = {isa = PBXBuildFile; fileRef = OBJ_107 /* TrustKit.m */; };
		OBJ_171 /* configuration_utils.m in Sources */ = {isa = PBXBuildFile; fileRef = OBJ_108 /* configuration_utils.m */; };
		OBJ_172 /* parse_configuration.m in Sources */ = {isa = PBXBuildFile; fileRef = OBJ_109 /* parse_configuration.m */; };
		OBJ_174 /* TSKTrustKitConfig.h in Headers */ = {isa = PBXBuildFile; fileRef = OBJ_111 /* TSKTrustKitConfig.h */; settings = {ATTRIBUTES = (Public, ); }; };
		OBJ_175 /* TSKTrustDecision.h in Headers */ = {isa = PBXBuildFile; fileRef = OBJ_112 /* TSKTrustDecision.h */; settings = {ATTRIBUTES = (Public, ); }; };
		OBJ_176 /* TSKPinningValidatorResult.h in Headers */ = {isa = PBXBuildFile; fileRef = OBJ_113 /* TSKPinningValidatorResult.h */; settings = {ATTRIBUTES = (Public, ); }; };
		OBJ_177 /* TrustKit.h in Headers */ = {isa = PBXBuildFile; fileRef = OBJ_114 /* TrustKit.h */; settings = {ATTRIBUTES = (Public, ); }; };
		OBJ_178 /* TSKPinningValidator.h in Headers */ = {isa = PBXBuildFile; fileRef = OBJ_115 /* TSKPinningValidator.h */; settings = {ATTRIBUTES = (Public, ); }; };
		OBJ_179 /* TSKPinningValidatorCallback.h in Headers */ = {isa = PBXBuildFile; fileRef = OBJ_116 /* TSKPinningValidatorCallback.h */; settings = {ATTRIBUTES = (Public, ); }; };
		OBJ_186 /* Package.swift in Sources */ = {isa = PBXBuildFile; fileRef = OBJ_117 /* Package.swift */; };
		OBJ_192 /* Configuration.swift in Sources */ = {isa = PBXBuildFile; fileRef = OBJ_11 /* Configuration.swift */; };
		OBJ_193 /* Enum+CaseCountable.swift in Sources */ = {isa = PBXBuildFile; fileRef = OBJ_13 /* Enum+CaseCountable.swift */; };
		OBJ_194 /* FoundationExtensions.swift in Sources */ = {isa = PBXBuildFile; fileRef = OBJ_14 /* FoundationExtensions.swift */; };
		OBJ_195 /* ProcessInfo+Tests.swift in Sources */ = {isa = PBXBuildFile; fileRef = OBJ_15 /* ProcessInfo+Tests.swift */; };
		OBJ_196 /* UIApplication+Version.swift in Sources */ = {isa = PBXBuildFile; fileRef = OBJ_16 /* UIApplication+Version.swift */; };
		OBJ_197 /* URL+QueryString.swift in Sources */ = {isa = PBXBuildFile; fileRef = OBJ_17 /* URL+QueryString.swift */; };
		OBJ_198 /* HRMCDate.swift in Sources */ = {isa = PBXBuildFile; fileRef = OBJ_18 /* HRMCDate.swift */; };
		OBJ_199 /* DebugHelpers.swift in Sources */ = {isa = PBXBuildFile; fileRef = OBJ_20 /* DebugHelpers.swift */; };
		OBJ_200 /* ThreadHelpers.swift in Sources */ = {isa = PBXBuildFile; fileRef = OBJ_21 /* ThreadHelpers.swift */; };
		OBJ_201 /* Injection.swift in Sources */ = {isa = PBXBuildFile; fileRef = OBJ_23 /* Injection.swift */; };
		OBJ_202 /* ServiceDependencyInjection.swift in Sources */ = {isa = PBXBuildFile; fileRef = OBJ_24 /* ServiceDependencyInjection.swift */; };
		OBJ_203 /* KeychainAccess.swift in Sources */ = {isa = PBXBuildFile; fileRef = OBJ_25 /* KeychainAccess.swift */; };
		OBJ_204 /* ConfigurableLogService.swift in Sources */ = {isa = PBXBuildFile; fileRef = OBJ_27 /* ConfigurableLogService.swift */; };
		OBJ_205 /* ConsoleLogService.swift in Sources */ = {isa = PBXBuildFile; fileRef = OBJ_28 /* ConsoleLogService.swift */; };
		OBJ_206 /* LogService.swift in Sources */ = {isa = PBXBuildFile; fileRef = OBJ_29 /* LogService.swift */; };
		OBJ_207 /* MobileCoreInfo.swift in Sources */ = {isa = PBXBuildFile; fileRef = OBJ_30 /* MobileCoreInfo.swift */; };
		OBJ_208 /* Namespaces.swift in Sources */ = {isa = PBXBuildFile; fileRef = OBJ_31 /* Namespaces.swift */; };
		OBJ_209 /* BaseNetworkService.swift in Sources */ = {isa = PBXBuildFile; fileRef = OBJ_34 /* BaseNetworkService.swift */; };
		OBJ_210 /* CertificatePinningService.swift in Sources */ = {isa = PBXBuildFile; fileRef = OBJ_35 /* CertificatePinningService.swift */; };
		OBJ_211 /* CoreNetworkService.swift in Sources */ = {isa = PBXBuildFile; fileRef = OBJ_36 /* CoreNetworkService.swift */; };
		OBJ_212 /* HTTPRequestBuilder.swift in Sources */ = {isa = PBXBuildFile; fileRef = OBJ_37 /* HTTPRequestBuilder.swift */; };
		OBJ_213 /* HTTPService.swift in Sources */ = {isa = PBXBuildFile; fileRef = OBJ_38 /* HTTPService.swift */; };
		OBJ_214 /* NetworkSessionConfigurationService.swift in Sources */ = {isa = PBXBuildFile; fileRef = OBJ_39 /* NetworkSessionConfigurationService.swift */; };
		OBJ_215 /* NetworkSpinner.swift in Sources */ = {isa = PBXBuildFile; fileRef = OBJ_40 /* NetworkSpinner.swift */; };
		OBJ_216 /* CoreDecoder.swift in Sources */ = {isa = PBXBuildFile; fileRef = OBJ_42 /* CoreDecoder.swift */; };
		OBJ_217 /* DataFetcher.swift in Sources */ = {isa = PBXBuildFile; fileRef = OBJ_43 /* DataFetcher.swift */; };
		OBJ_218 /* DataFetcherFactory.swift in Sources */ = {isa = PBXBuildFile; fileRef = OBJ_44 /* DataFetcherFactory.swift */; };
		OBJ_219 /* NonErrorTransformingDataFetcherFactory.swift in Sources */ = {isa = PBXBuildFile; fileRef = OBJ_46 /* NonErrorTransformingDataFetcherFactory.swift */; };
		OBJ_220 /* NonTransformingServiceErrorTransformer.swift in Sources */ = {isa = PBXBuildFile; fileRef = OBJ_47 /* NonTransformingServiceErrorTransformer.swift */; };
		OBJ_221 /* ResultTransformer.swift in Sources */ = {isa = PBXBuildFile; fileRef = OBJ_48 /* ResultTransformer.swift */; };
		OBJ_222 /* ServiceErrorTransformer.swift in Sources */ = {isa = PBXBuildFile; fileRef = OBJ_49 /* ServiceErrorTransformer.swift */; };
		OBJ_223 /* BackgroundDataPoster.swift in Sources */ = {isa = PBXBuildFile; fileRef = OBJ_52 /* BackgroundDataPoster.swift */; };
		OBJ_224 /* BackgroundDataPosterFactory.swift in Sources */ = {isa = PBXBuildFile; fileRef = OBJ_53 /* BackgroundDataPosterFactory.swift */; };
		OBJ_225 /* NonErrorTransformingDataPoster.swift in Sources */ = {isa = PBXBuildFile; fileRef = OBJ_54 /* NonErrorTransformingDataPoster.swift */; };
		OBJ_226 /* NonErrorTransformingDataPosterFactory.swift in Sources */ = {isa = PBXBuildFile; fileRef = OBJ_55 /* NonErrorTransformingDataPosterFactory.swift */; };
		OBJ_227 /* VoidDataPoster.swift in Sources */ = {isa = PBXBuildFile; fileRef = OBJ_56 /* VoidDataPoster.swift */; };
		OBJ_228 /* VoidDataPosterFactory.swift in Sources */ = {isa = PBXBuildFile; fileRef = OBJ_57 /* VoidDataPosterFactory.swift */; };
		OBJ_229 /* VoidResultTransformer.swift in Sources */ = {isa = PBXBuildFile; fileRef = OBJ_58 /* VoidResultTransformer.swift */; };
		OBJ_230 /* ParameterEncoding.swift in Sources */ = {isa = PBXBuildFile; fileRef = OBJ_59 /* ParameterEncoding.swift */; };
		OBJ_231 /* AppInfoService.swift in Sources */ = {isa = PBXBuildFile; fileRef = OBJ_61 /* AppInfoService.swift */; };
		OBJ_232 /* ApplicationStateService.swift in Sources */ = {isa = PBXBuildFile; fileRef = OBJ_62 /* ApplicationStateService.swift */; };
		OBJ_233 /* DateService.swift in Sources */ = {isa = PBXBuildFile; fileRef = OBJ_63 /* DateService.swift */; };
		OBJ_234 /* DeviceInfoService.swift in Sources */ = {isa = PBXBuildFile; fileRef = OBJ_64 /* DeviceInfoService.swift */; };
		OBJ_235 /* FraudPreventionService.swift in Sources */ = {isa = PBXBuildFile; fileRef = OBJ_65 /* FraudPreventionService.swift */; };
		OBJ_236 /* InfoPListService.swift in Sources */ = {isa = PBXBuildFile; fileRef = OBJ_66 /* InfoPListService.swift */; };
		OBJ_237 /* JourneyService.swift in Sources */ = {isa = PBXBuildFile; fileRef = OBJ_67 /* JourneyService.swift */; };
		OBJ_238 /* UserDefaultsProtocol.swift in Sources */ = {isa = PBXBuildFile; fileRef = OBJ_68 /* UserDefaultsProtocol.swift */; };
		OBJ_239 /* AccessibilityHelpers.swift in Sources */ = {isa = PBXBuildFile; fileRef = OBJ_70 /* AccessibilityHelpers.swift */; };
		OBJ_240 /* UIView+Descendants.swift in Sources */ = {isa = PBXBuildFile; fileRef = OBJ_71 /* UIView+Descendants.swift */; };
		OBJ_242 /* TrustKit.framework in Frameworks */ = {isa = PBXBuildFile; fileRef = "TrustKit::TrustKit::Product" /* TrustKit.framework */; };
		OBJ_243 /* DeviceKit.framework in Frameworks */ = {isa = PBXBuildFile; fileRef = "DeviceKit::DeviceKit::Product" /* DeviceKit.framework */; };
		OBJ_251 /* Package.swift in Sources */ = {isa = PBXBuildFile; fileRef = OBJ_6 /* Package.swift */; };
		OBJ_262 /* CoreNetworkServiceTests.swift in Sources */ = {isa = PBXBuildFile; fileRef = OBJ_76 /* CoreNetworkServiceTests.swift */; };
		OBJ_263 /* CoreRequestBuilderTests.swift in Sources */ = {isa = PBXBuildFile; fileRef = OBJ_77 /* CoreRequestBuilderTests.swift */; };
		OBJ_264 /* JourneyServiceTests.swift in Sources */ = {isa = PBXBuildFile; fileRef = OBJ_78 /* JourneyServiceTests.swift */; };
		OBJ_265 /* NetworkSessionConfigurationServiceTests.swift in Sources */ = {isa = PBXBuildFile; fileRef = OBJ_79 /* NetworkSessionConfigurationServiceTests.swift */; };
		OBJ_267 /* ios_core_library.framework in Frameworks */ = {isa = PBXBuildFile; fileRef = "ios-core-library::ios-core-library::Product" /* ios_core_library.framework */; };
		OBJ_268 /* TrustKit.framework in Frameworks */ = {isa = PBXBuildFile; fileRef = "TrustKit::TrustKit::Product" /* TrustKit.framework */; };
		OBJ_269 /* DeviceKit.framework in Frameworks */ = {isa = PBXBuildFile; fileRef = "DeviceKit::DeviceKit::Product" /* DeviceKit.framework */; };
/* End PBXBuildFile section */

/* Begin PBXContainerItemProxy section */
		6C4B9045253747CA006D4DB0 /* PBXContainerItemProxy */ = {
			isa = PBXContainerItemProxy;
			containerPortal = OBJ_1 /* Project object */;
			proxyType = 1;
			remoteGlobalIDString = "TrustKit::TrustKit";
			remoteInfo = TrustKit;
		};
		6C4B9046253747CA006D4DB0 /* PBXContainerItemProxy */ = {
			isa = PBXContainerItemProxy;
			containerPortal = OBJ_1 /* Project object */;
			proxyType = 1;
			remoteGlobalIDString = "DeviceKit::DeviceKit";
			remoteInfo = DeviceKit;
		};
		6C4B9047253747CA006D4DB0 /* PBXContainerItemProxy */ = {
			isa = PBXContainerItemProxy;
			containerPortal = OBJ_1 /* Project object */;
			proxyType = 1;
			remoteGlobalIDString = "ios-core-library::ios-core-library";
			remoteInfo = "ios-core-library";
		};
		6C4B9048253747CA006D4DB0 /* PBXContainerItemProxy */ = {
			isa = PBXContainerItemProxy;
			containerPortal = OBJ_1 /* Project object */;
			proxyType = 1;
			remoteGlobalIDString = "TrustKit::TrustKit";
			remoteInfo = TrustKit;
		};
		6C4B9049253747CA006D4DB0 /* PBXContainerItemProxy */ = {
			isa = PBXContainerItemProxy;
			containerPortal = OBJ_1 /* Project object */;
			proxyType = 1;
			remoteGlobalIDString = "DeviceKit::DeviceKit";
			remoteInfo = DeviceKit;
		};
		6C4B9050253747CB006D4DB0 /* PBXContainerItemProxy */ = {
			isa = PBXContainerItemProxy;
			containerPortal = OBJ_1 /* Project object */;
			proxyType = 1;
			remoteGlobalIDString = "ios-core-library::ios-core-libraryTests";
			remoteInfo = "ios-core-libraryTests";
		};
/* End PBXContainerItemProxy section */

/* Begin PBXFileReference section */
		6C4B907125374870006D4DB0 /* MobileCoreTestShared.h */ = {isa = PBXFileReference; fileEncoding = 4; lastKnownFileType = sourcecode.c.h; path = MobileCoreTestShared.h; sourceTree = "<group>"; };
		6C4B907325374870006D4DB0 /* MockInfoPListService.swift */ = {isa = PBXFileReference; fileEncoding = 4; lastKnownFileType = sourcecode.swift; path = MockInfoPListService.swift; sourceTree = "<group>"; };
		6C4B907425374870006D4DB0 /* MockCoreNamespaces.swift */ = {isa = PBXFileReference; fileEncoding = 4; lastKnownFileType = sourcecode.swift; path = MockCoreNamespaces.swift; sourceTree = "<group>"; };
		6C4B907525374870006D4DB0 /* MockUserDefaults.swift */ = {isa = PBXFileReference; fileEncoding = 4; lastKnownFileType = sourcecode.swift; path = MockUserDefaults.swift; sourceTree = "<group>"; };
		6C4B907625374870006D4DB0 /* MockDeviceInfoService.swift */ = {isa = PBXFileReference; fileEncoding = 4; lastKnownFileType = sourcecode.swift; path = MockDeviceInfoService.swift; sourceTree = "<group>"; };
		6C4B907725374870006D4DB0 /* MockJourneyService.swift */ = {isa = PBXFileReference; fileEncoding = 4; lastKnownFileType = sourcecode.swift; path = MockJourneyService.swift; sourceTree = "<group>"; };
		6C4B907825374870006D4DB0 /* MockDateService.swift */ = {isa = PBXFileReference; fileEncoding = 4; lastKnownFileType = sourcecode.swift; path = MockDateService.swift; sourceTree = "<group>"; };
		6C4B907925374870006D4DB0 /* MockSpinner.swift */ = {isa = PBXFileReference; fileEncoding = 4; lastKnownFileType = sourcecode.swift; path = MockSpinner.swift; sourceTree = "<group>"; };
		6C4B907A25374870006D4DB0 /* MockAppInfoService.swift */ = {isa = PBXFileReference; fileEncoding = 4; lastKnownFileType = sourcecode.swift; path = MockAppInfoService.swift; sourceTree = "<group>"; };
		6C4B907B25374870006D4DB0 /* MockApplicationStateService.swift */ = {isa = PBXFileReference; fileEncoding = 4; lastKnownFileType = sourcecode.swift; path = MockApplicationStateService.swift; sourceTree = "<group>"; };
		6C4B907C25374870006D4DB0 /* CoreMockBase.swift */ = {isa = PBXFileReference; fileEncoding = 4; lastKnownFileType = sourcecode.swift; path = CoreMockBase.swift; sourceTree = "<group>"; };
		6C4B907D25374870006D4DB0 /* MockCoreNetworkService.swift */ = {isa = PBXFileReference; fileEncoding = 4; lastKnownFileType = sourcecode.swift; path = MockCoreNetworkService.swift; sourceTree = "<group>"; };
		6C4B907E25374870006D4DB0 /* MockCoreHTTPService.swift */ = {isa = PBXFileReference; fileEncoding = 4; lastKnownFileType = sourcecode.swift; path = MockCoreHTTPService.swift; sourceTree = "<group>"; };
		6C4B907F25374870006D4DB0 /* CoreUnitTestCase.swift */ = {isa = PBXFileReference; fileEncoding = 4; lastKnownFileType = sourcecode.swift; path = CoreUnitTestCase.swift; sourceTree = "<group>"; };
		6C4B908025374870006D4DB0 /* CoreTestCase.swift */ = {isa = PBXFileReference; fileEncoding = 4; lastKnownFileType = sourcecode.swift; path = CoreTestCase.swift; sourceTree = "<group>"; };
		6C4B908125374870006D4DB0 /* CoreTestHelpers.swift */ = {isa = PBXFileReference; fileEncoding = 4; lastKnownFileType = sourcecode.swift; path = CoreTestHelpers.swift; sourceTree = "<group>"; };
		6C4B908225374870006D4DB0 /* CoreTestConstants.swift */ = {isa = PBXFileReference; fileEncoding = 4; lastKnownFileType = sourcecode.swift; path = CoreTestConstants.swift; sourceTree = "<group>"; };
		6C4B908325374870006D4DB0 /* Info.plist */ = {isa = PBXFileReference; fileEncoding = 4; lastKnownFileType = text.plist.xml; path = Info.plist; sourceTree = "<group>"; };
		"DeviceKit::DeviceKit::Product" /* DeviceKit.framework */ = {isa = PBXFileReference; lastKnownFileType = wrapper.framework; path = DeviceKit.framework; sourceTree = BUILT_PRODUCTS_DIR; };
		OBJ_10 /* Info.plist */ = {isa = PBXFileReference; lastKnownFileType = text.plist.xml; path = Info.plist; sourceTree = "<group>"; };
		OBJ_100 /* vendor_identifier.m */ = {isa = PBXFileReference; lastKnownFileType = sourcecode.c.objc; path = vendor_identifier.m; sourceTree = "<group>"; };
		OBJ_102 /* TSKNSURLConnectionDelegateProxy.m */ = {isa = PBXFileReference; lastKnownFileType = sourcecode.c.objc; path = TSKNSURLConnectionDelegateProxy.m; sourceTree = "<group>"; };
		OBJ_103 /* TSKNSURLSessionDelegateProxy.m */ = {isa = PBXFileReference; lastKnownFileType = sourcecode.c.objc; path = TSKNSURLSessionDelegateProxy.m; sourceTree = "<group>"; };
		OBJ_104 /* TSKPinningValidator.m */ = {isa = PBXFileReference; lastKnownFileType = sourcecode.c.objc; path = TSKPinningValidator.m; sourceTree = "<group>"; };
		OBJ_105 /* TSKPinningValidatorResult.m */ = {isa = PBXFileReference; lastKnownFileType = sourcecode.c.objc; path = TSKPinningValidatorResult.m; sourceTree = "<group>"; };
		OBJ_106 /* TSKTrustKitConfig.m */ = {isa = PBXFileReference; lastKnownFileType = sourcecode.c.objc; path = TSKTrustKitConfig.m; sourceTree = "<group>"; };
		OBJ_107 /* TrustKit.m */ = {isa = PBXFileReference; lastKnownFileType = sourcecode.c.objc; path = TrustKit.m; sourceTree = "<group>"; };
		OBJ_108 /* configuration_utils.m */ = {isa = PBXFileReference; lastKnownFileType = sourcecode.c.objc; path = configuration_utils.m; sourceTree = "<group>"; };
		OBJ_109 /* parse_configuration.m */ = {isa = PBXFileReference; lastKnownFileType = sourcecode.c.objc; path = parse_configuration.m; sourceTree = "<group>"; };
		OBJ_11 /* Configuration.swift */ = {isa = PBXFileReference; lastKnownFileType = sourcecode.swift; path = Configuration.swift; sourceTree = "<group>"; };
		OBJ_111 /* TSKTrustKitConfig.h */ = {isa = PBXFileReference; lastKnownFileType = sourcecode.c.h; path = TSKTrustKitConfig.h; sourceTree = "<group>"; };
		OBJ_112 /* TSKTrustDecision.h */ = {isa = PBXFileReference; lastKnownFileType = sourcecode.c.h; path = TSKTrustDecision.h; sourceTree = "<group>"; };
		OBJ_113 /* TSKPinningValidatorResult.h */ = {isa = PBXFileReference; lastKnownFileType = sourcecode.c.h; path = TSKPinningValidatorResult.h; sourceTree = "<group>"; };
		OBJ_114 /* TrustKit.h */ = {isa = PBXFileReference; lastKnownFileType = sourcecode.c.h; path = TrustKit.h; sourceTree = "<group>"; };
		OBJ_115 /* TSKPinningValidator.h */ = {isa = PBXFileReference; lastKnownFileType = sourcecode.c.h; path = TSKPinningValidator.h; sourceTree = "<group>"; };
		OBJ_116 /* TSKPinningValidatorCallback.h */ = {isa = PBXFileReference; lastKnownFileType = sourcecode.c.h; path = TSKPinningValidatorCallback.h; sourceTree = "<group>"; };
		OBJ_117 /* Package.swift */ = {isa = PBXFileReference; explicitFileType = sourcecode.swift; name = Package.swift; path = "/Users/markwebb/Documents/Repos/HMRCRepos/ios-core-library/.build/checkouts/TrustKit/Package.swift"; sourceTree = "<group>"; };
		OBJ_119 /* Package.swift */ = {isa = PBXFileReference; explicitFileType = sourcecode.swift; name = Package.swift; path = "/Users/markwebb/Documents/Repos/HMRCRepos/ios-core-library/.build/checkouts/DeviceKit/Package.swift"; sourceTree = "<group>"; };
		OBJ_120 /* Device.generated.swift */ = {isa = PBXFileReference; lastKnownFileType = sourcecode.swift; path = Device.generated.swift; sourceTree = "<group>"; };
		OBJ_126 /* MobileCoreTestApp */ = {isa = PBXFileReference; lastKnownFileType = folder; path = MobileCoreTestApp; sourceTree = SOURCE_ROOT; };
		OBJ_127 /* fastlane */ = {isa = PBXFileReference; lastKnownFileType = folder; path = fastlane; sourceTree = SOURCE_ROOT; };
		OBJ_128 /* LICENSE */ = {isa = PBXFileReference; lastKnownFileType = text; path = LICENSE; sourceTree = "<group>"; };
		OBJ_129 /* CHANGELOG.md */ = {isa = PBXFileReference; lastKnownFileType = net.daringfireball.markdown; path = CHANGELOG.md; sourceTree = "<group>"; };
		OBJ_13 /* Enum+CaseCountable.swift */ = {isa = PBXFileReference; lastKnownFileType = sourcecode.swift; path = "Enum+CaseCountable.swift"; sourceTree = "<group>"; };
		OBJ_130 /* repository.yaml */ = {isa = PBXFileReference; lastKnownFileType = text.yaml; path = repository.yaml; sourceTree = "<group>"; };
		OBJ_131 /* README.md */ = {isa = PBXFileReference; lastKnownFileType = net.daringfireball.markdown; path = README.md; sourceTree = "<group>"; };
		OBJ_132 /* Gemfile */ = {isa = PBXFileReference; lastKnownFileType = text; path = Gemfile; sourceTree = "<group>"; };
		OBJ_133 /* Gemfile.lock */ = {isa = PBXFileReference; lastKnownFileType = text; path = Gemfile.lock; sourceTree = "<group>"; };
		OBJ_134 /* swiftlint_local.sh */ = {isa = PBXFileReference; lastKnownFileType = text.script.sh; path = swiftlint_local.sh; sourceTree = "<group>"; };
		OBJ_14 /* FoundationExtensions.swift */ = {isa = PBXFileReference; lastKnownFileType = sourcecode.swift; path = FoundationExtensions.swift; sourceTree = "<group>"; };
		OBJ_15 /* ProcessInfo+Tests.swift */ = {isa = PBXFileReference; lastKnownFileType = sourcecode.swift; path = "ProcessInfo+Tests.swift"; sourceTree = "<group>"; };
		OBJ_16 /* UIApplication+Version.swift */ = {isa = PBXFileReference; lastKnownFileType = sourcecode.swift; path = "UIApplication+Version.swift"; sourceTree = "<group>"; };
		OBJ_17 /* URL+QueryString.swift */ = {isa = PBXFileReference; lastKnownFileType = sourcecode.swift; path = "URL+QueryString.swift"; sourceTree = "<group>"; };
		OBJ_18 /* HRMCDate.swift */ = {isa = PBXFileReference; lastKnownFileType = sourcecode.swift; path = HRMCDate.swift; sourceTree = "<group>"; };
		OBJ_20 /* DebugHelpers.swift */ = {isa = PBXFileReference; lastKnownFileType = sourcecode.swift; path = DebugHelpers.swift; sourceTree = "<group>"; };
		OBJ_21 /* ThreadHelpers.swift */ = {isa = PBXFileReference; lastKnownFileType = sourcecode.swift; path = ThreadHelpers.swift; sourceTree = "<group>"; };
		OBJ_23 /* Injection.swift */ = {isa = PBXFileReference; lastKnownFileType = sourcecode.swift; path = Injection.swift; sourceTree = "<group>"; };
		OBJ_24 /* ServiceDependencyInjection.swift */ = {isa = PBXFileReference; lastKnownFileType = sourcecode.swift; path = ServiceDependencyInjection.swift; sourceTree = "<group>"; };
		OBJ_25 /* KeychainAccess.swift */ = {isa = PBXFileReference; lastKnownFileType = sourcecode.swift; path = KeychainAccess.swift; sourceTree = "<group>"; };
		OBJ_27 /* ConfigurableLogService.swift */ = {isa = PBXFileReference; lastKnownFileType = sourcecode.swift; path = ConfigurableLogService.swift; sourceTree = "<group>"; };
		OBJ_28 /* ConsoleLogService.swift */ = {isa = PBXFileReference; lastKnownFileType = sourcecode.swift; path = ConsoleLogService.swift; sourceTree = "<group>"; };
		OBJ_29 /* LogService.swift */ = {isa = PBXFileReference; lastKnownFileType = sourcecode.swift; path = LogService.swift; sourceTree = "<group>"; };
		OBJ_30 /* MobileCoreInfo.swift */ = {isa = PBXFileReference; lastKnownFileType = sourcecode.swift; path = MobileCoreInfo.swift; sourceTree = "<group>"; };
		OBJ_31 /* Namespaces.swift */ = {isa = PBXFileReference; lastKnownFileType = sourcecode.swift; path = Namespaces.swift; sourceTree = "<group>"; };
		OBJ_34 /* BaseNetworkService.swift */ = {isa = PBXFileReference; lastKnownFileType = sourcecode.swift; path = BaseNetworkService.swift; sourceTree = "<group>"; };
		OBJ_35 /* CertificatePinningService.swift */ = {isa = PBXFileReference; lastKnownFileType = sourcecode.swift; path = CertificatePinningService.swift; sourceTree = "<group>"; };
		OBJ_36 /* CoreNetworkService.swift */ = {isa = PBXFileReference; lastKnownFileType = sourcecode.swift; path = CoreNetworkService.swift; sourceTree = "<group>"; };
		OBJ_37 /* HTTPRequestBuilder.swift */ = {isa = PBXFileReference; lastKnownFileType = sourcecode.swift; path = HTTPRequestBuilder.swift; sourceTree = "<group>"; };
		OBJ_38 /* HTTPService.swift */ = {isa = PBXFileReference; lastKnownFileType = sourcecode.swift; path = HTTPService.swift; sourceTree = "<group>"; };
		OBJ_39 /* NetworkSessionConfigurationService.swift */ = {isa = PBXFileReference; lastKnownFileType = sourcecode.swift; path = NetworkSessionConfigurationService.swift; sourceTree = "<group>"; };
		OBJ_40 /* NetworkSpinner.swift */ = {isa = PBXFileReference; lastKnownFileType = sourcecode.swift; path = NetworkSpinner.swift; sourceTree = "<group>"; };
		OBJ_42 /* CoreDecoder.swift */ = {isa = PBXFileReference; lastKnownFileType = sourcecode.swift; path = CoreDecoder.swift; sourceTree = "<group>"; };
		OBJ_43 /* DataFetcher.swift */ = {isa = PBXFileReference; lastKnownFileType = sourcecode.swift; path = DataFetcher.swift; sourceTree = "<group>"; };
		OBJ_44 /* DataFetcherFactory.swift */ = {isa = PBXFileReference; lastKnownFileType = sourcecode.swift; path = DataFetcherFactory.swift; sourceTree = "<group>"; };
		OBJ_46 /* NonErrorTransformingDataFetcherFactory.swift */ = {isa = PBXFileReference; lastKnownFileType = sourcecode.swift; path = NonErrorTransformingDataFetcherFactory.swift; sourceTree = "<group>"; };
		OBJ_47 /* NonTransformingServiceErrorTransformer.swift */ = {isa = PBXFileReference; lastKnownFileType = sourcecode.swift; path = NonTransformingServiceErrorTransformer.swift; sourceTree = "<group>"; };
		OBJ_48 /* ResultTransformer.swift */ = {isa = PBXFileReference; lastKnownFileType = sourcecode.swift; path = ResultTransformer.swift; sourceTree = "<group>"; };
		OBJ_49 /* ServiceErrorTransformer.swift */ = {isa = PBXFileReference; lastKnownFileType = sourcecode.swift; path = ServiceErrorTransformer.swift; sourceTree = "<group>"; };
		OBJ_52 /* BackgroundDataPoster.swift */ = {isa = PBXFileReference; lastKnownFileType = sourcecode.swift; path = BackgroundDataPoster.swift; sourceTree = "<group>"; };
		OBJ_53 /* BackgroundDataPosterFactory.swift */ = {isa = PBXFileReference; lastKnownFileType = sourcecode.swift; path = BackgroundDataPosterFactory.swift; sourceTree = "<group>"; };
		OBJ_54 /* NonErrorTransformingDataPoster.swift */ = {isa = PBXFileReference; lastKnownFileType = sourcecode.swift; path = NonErrorTransformingDataPoster.swift; sourceTree = "<group>"; };
		OBJ_55 /* NonErrorTransformingDataPosterFactory.swift */ = {isa = PBXFileReference; lastKnownFileType = sourcecode.swift; path = NonErrorTransformingDataPosterFactory.swift; sourceTree = "<group>"; };
		OBJ_56 /* VoidDataPoster.swift */ = {isa = PBXFileReference; lastKnownFileType = sourcecode.swift; path = VoidDataPoster.swift; sourceTree = "<group>"; };
		OBJ_57 /* VoidDataPosterFactory.swift */ = {isa = PBXFileReference; lastKnownFileType = sourcecode.swift; path = VoidDataPosterFactory.swift; sourceTree = "<group>"; };
		OBJ_58 /* VoidResultTransformer.swift */ = {isa = PBXFileReference; lastKnownFileType = sourcecode.swift; path = VoidResultTransformer.swift; sourceTree = "<group>"; };
		OBJ_59 /* ParameterEncoding.swift */ = {isa = PBXFileReference; lastKnownFileType = sourcecode.swift; path = ParameterEncoding.swift; sourceTree = "<group>"; };
		OBJ_6 /* Package.swift */ = {isa = PBXFileReference; explicitFileType = sourcecode.swift; path = Package.swift; sourceTree = "<group>"; };
		OBJ_61 /* AppInfoService.swift */ = {isa = PBXFileReference; lastKnownFileType = sourcecode.swift; path = AppInfoService.swift; sourceTree = "<group>"; };
		OBJ_62 /* ApplicationStateService.swift */ = {isa = PBXFileReference; lastKnownFileType = sourcecode.swift; path = ApplicationStateService.swift; sourceTree = "<group>"; };
		OBJ_63 /* DateService.swift */ = {isa = PBXFileReference; lastKnownFileType = sourcecode.swift; path = DateService.swift; sourceTree = "<group>"; };
		OBJ_64 /* DeviceInfoService.swift */ = {isa = PBXFileReference; lastKnownFileType = sourcecode.swift; path = DeviceInfoService.swift; sourceTree = "<group>"; };
		OBJ_65 /* FraudPreventionService.swift */ = {isa = PBXFileReference; lastKnownFileType = sourcecode.swift; path = FraudPreventionService.swift; sourceTree = "<group>"; };
		OBJ_66 /* InfoPListService.swift */ = {isa = PBXFileReference; lastKnownFileType = sourcecode.swift; path = InfoPListService.swift; sourceTree = "<group>"; };
		OBJ_67 /* JourneyService.swift */ = {isa = PBXFileReference; lastKnownFileType = sourcecode.swift; path = JourneyService.swift; sourceTree = "<group>"; };
		OBJ_68 /* UserDefaultsProtocol.swift */ = {isa = PBXFileReference; lastKnownFileType = sourcecode.swift; path = UserDefaultsProtocol.swift; sourceTree = "<group>"; };
		OBJ_70 /* AccessibilityHelpers.swift */ = {isa = PBXFileReference; lastKnownFileType = sourcecode.swift; path = AccessibilityHelpers.swift; sourceTree = "<group>"; };
		OBJ_71 /* UIView+Descendants.swift */ = {isa = PBXFileReference; lastKnownFileType = sourcecode.swift; path = "UIView+Descendants.swift"; sourceTree = "<group>"; };
		OBJ_74 /* Info.plist */ = {isa = PBXFileReference; lastKnownFileType = text.plist.xml; path = Info.plist; sourceTree = "<group>"; };
		OBJ_76 /* CoreNetworkServiceTests.swift */ = {isa = PBXFileReference; lastKnownFileType = sourcecode.swift; path = CoreNetworkServiceTests.swift; sourceTree = "<group>"; };
		OBJ_77 /* CoreRequestBuilderTests.swift */ = {isa = PBXFileReference; lastKnownFileType = sourcecode.swift; path = CoreRequestBuilderTests.swift; sourceTree = "<group>"; };
		OBJ_78 /* JourneyServiceTests.swift */ = {isa = PBXFileReference; lastKnownFileType = sourcecode.swift; path = JourneyServiceTests.swift; sourceTree = "<group>"; };
		OBJ_79 /* NetworkSessionConfigurationServiceTests.swift */ = {isa = PBXFileReference; lastKnownFileType = sourcecode.swift; path = NetworkSessionConfigurationServiceTests.swift; sourceTree = "<group>"; };
		OBJ_85 /* RSSwizzle.m */ = {isa = PBXFileReference; lastKnownFileType = sourcecode.c.objc; path = RSSwizzle.m; sourceTree = "<group>"; };
		OBJ_88 /* init_registry_tables.c */ = {isa = PBXFileReference; lastKnownFileType = sourcecode.c.c; path = init_registry_tables.c; sourceTree = "<group>"; };
		OBJ_89 /* registry_search.c */ = {isa = PBXFileReference; lastKnownFileType = sourcecode.c.c; path = registry_search.c; sourceTree = "<group>"; };
		OBJ_9 /* MobileCore.h */ = {isa = PBXFileReference; lastKnownFileType = sourcecode.c.h; path = MobileCore.h; sourceTree = "<group>"; };
		OBJ_90 /* trie_search.c */ = {isa = PBXFileReference; lastKnownFileType = sourcecode.c.c; path = trie_search.c; sourceTree = "<group>"; };
		OBJ_91 /* tsk_assert.c */ = {isa = PBXFileReference; lastKnownFileType = sourcecode.c.c; path = tsk_assert.c; sourceTree = "<group>"; };
		OBJ_93 /* TSKSPKIHashCache.m */ = {isa = PBXFileReference; lastKnownFileType = sourcecode.c.objc; path = TSKSPKIHashCache.m; sourceTree = "<group>"; };
		OBJ_94 /* ssl_pin_verifier.m */ = {isa = PBXFileReference; lastKnownFileType = sourcecode.c.objc; path = ssl_pin_verifier.m; sourceTree = "<group>"; };
		OBJ_96 /* TSKBackgroundReporter.m */ = {isa = PBXFileReference; lastKnownFileType = sourcecode.c.objc; path = TSKBackgroundReporter.m; sourceTree = "<group>"; };
		OBJ_97 /* TSKPinFailureReport.m */ = {isa = PBXFileReference; lastKnownFileType = sourcecode.c.objc; path = TSKPinFailureReport.m; sourceTree = "<group>"; };
		OBJ_98 /* TSKReportsRateLimiter.m */ = {isa = PBXFileReference; lastKnownFileType = sourcecode.c.objc; path = TSKReportsRateLimiter.m; sourceTree = "<group>"; };
		OBJ_99 /* reporting_utils.m */ = {isa = PBXFileReference; lastKnownFileType = sourcecode.c.objc; path = reporting_utils.m; sourceTree = "<group>"; };
		"TrustKit::TrustKit::Product" /* TrustKit.framework */ = {isa = PBXFileReference; lastKnownFileType = wrapper.framework; path = TrustKit.framework; sourceTree = BUILT_PRODUCTS_DIR; };
		"ios-core-library::ios-core-library::Product" /* ios_core_library.framework */ = {isa = PBXFileReference; lastKnownFileType = wrapper.framework; path = ios_core_library.framework; sourceTree = BUILT_PRODUCTS_DIR; };
		"ios-core-library::ios-core-libraryTests::Product" /* ios_core_libraryTests.xctest */ = {isa = PBXFileReference; lastKnownFileType = file; name = ios_core_libraryTests.xctest; path = "ios-core-libraryTests.xctest"; sourceTree = BUILT_PRODUCTS_DIR; };
/* End PBXFileReference section */

/* Begin PBXFrameworksBuildPhase section */
		OBJ_141 /* Frameworks */ = {
			isa = PBXFrameworksBuildPhase;
			buildActionMask = 0;
			files = (
			);
			runOnlyForDeploymentPostprocessing = 0;
		};
		OBJ_180 /* Frameworks */ = {
			isa = PBXFrameworksBuildPhase;
			buildActionMask = 0;
			files = (
			);
			runOnlyForDeploymentPostprocessing = 0;
		};
		OBJ_241 /* Frameworks */ = {
			isa = PBXFrameworksBuildPhase;
			buildActionMask = 0;
			files = (
				OBJ_242 /* TrustKit.framework in Frameworks */,
				OBJ_243 /* DeviceKit.framework in Frameworks */,
			);
			runOnlyForDeploymentPostprocessing = 0;
		};
		OBJ_266 /* Frameworks */ = {
			isa = PBXFrameworksBuildPhase;
			buildActionMask = 0;
			files = (
				OBJ_267 /* ios_core_library.framework in Frameworks */,
				OBJ_268 /* TrustKit.framework in Frameworks */,
				OBJ_269 /* DeviceKit.framework in Frameworks */,
			);
			runOnlyForDeploymentPostprocessing = 0;
		};
/* End PBXFrameworksBuildPhase section */

/* Begin PBXGroup section */
		6C4B907025374870006D4DB0 /* ios-test-helpers */ = {
			isa = PBXGroup;
			children = (
				6C4B907125374870006D4DB0 /* MobileCoreTestShared.h */,
				6C4B907225374870006D4DB0 /* Mock */,
				6C4B907F25374870006D4DB0 /* CoreUnitTestCase.swift */,
				6C4B908025374870006D4DB0 /* CoreTestCase.swift */,
				6C4B908125374870006D4DB0 /* CoreTestHelpers.swift */,
				6C4B908225374870006D4DB0 /* CoreTestConstants.swift */,
				6C4B908325374870006D4DB0 /* Info.plist */,
			);
			name = "ios-test-helpers";
			path = "SubModule/ios-test-helper/Sources/ios-test-helpers";
			sourceTree = "<group>";
		};
		6C4B907225374870006D4DB0 /* Mock */ = {
			isa = PBXGroup;
			children = (
				6C4B907325374870006D4DB0 /* MockInfoPListService.swift */,
				6C4B907425374870006D4DB0 /* MockCoreNamespaces.swift */,
				6C4B907525374870006D4DB0 /* MockUserDefaults.swift */,
				6C4B907625374870006D4DB0 /* MockDeviceInfoService.swift */,
				6C4B907725374870006D4DB0 /* MockJourneyService.swift */,
				6C4B907825374870006D4DB0 /* MockDateService.swift */,
				6C4B907925374870006D4DB0 /* MockSpinner.swift */,
				6C4B907A25374870006D4DB0 /* MockAppInfoService.swift */,
				6C4B907B25374870006D4DB0 /* MockApplicationStateService.swift */,
				6C4B907C25374870006D4DB0 /* CoreMockBase.swift */,
				6C4B907D25374870006D4DB0 /* MockCoreNetworkService.swift */,
				6C4B907E25374870006D4DB0 /* MockCoreHTTPService.swift */,
			);
			path = Mock;
			sourceTree = "<group>";
		};
		OBJ_101 /* Swizzling */ = {
			isa = PBXGroup;
			children = (
				OBJ_102 /* TSKNSURLConnectionDelegateProxy.m */,
				OBJ_103 /* TSKNSURLSessionDelegateProxy.m */,
			);
			path = Swizzling;
			sourceTree = "<group>";
		};
		OBJ_110 /* public */ = {
			isa = PBXGroup;
			children = (
				OBJ_111 /* TSKTrustKitConfig.h */,
				OBJ_112 /* TSKTrustDecision.h */,
				OBJ_113 /* TSKPinningValidatorResult.h */,
				OBJ_114 /* TrustKit.h */,
				OBJ_115 /* TSKPinningValidator.h */,
				OBJ_116 /* TSKPinningValidatorCallback.h */,
			);
			path = public;
			sourceTree = "<group>";
		};
		OBJ_118 /* DeviceKit 4.1.0 */ = {
			isa = PBXGroup;
			children = (
				OBJ_119 /* Package.swift */,
				OBJ_120 /* Device.generated.swift */,
			);
			name = "DeviceKit 4.1.0";
			path = .build/checkouts/DeviceKit/Source;
			sourceTree = SOURCE_ROOT;
		};
		OBJ_12 /* Extentions */ = {
			isa = PBXGroup;
			children = (
				OBJ_13 /* Enum+CaseCountable.swift */,
				OBJ_14 /* FoundationExtensions.swift */,
				OBJ_15 /* ProcessInfo+Tests.swift */,
				OBJ_16 /* UIApplication+Version.swift */,
				OBJ_17 /* URL+QueryString.swift */,
			);
			path = Extentions;
			sourceTree = "<group>";
		};
		OBJ_121 /* Products */ = {
			isa = PBXGroup;
			children = (
				"TrustKit::TrustKit::Product" /* TrustKit.framework */,
				"DeviceKit::DeviceKit::Product" /* DeviceKit.framework */,
				"ios-core-library::ios-core-library::Product" /* ios_core_library.framework */,
				"ios-core-library::ios-core-libraryTests::Product" /* ios_core_libraryTests.xctest */,
			);
			name = Products;
			sourceTree = BUILT_PRODUCTS_DIR;
		};
		OBJ_19 /* Helpers */ = {
			isa = PBXGroup;
			children = (
				OBJ_20 /* DebugHelpers.swift */,
				OBJ_21 /* ThreadHelpers.swift */,
			);
			path = Helpers;
			sourceTree = "<group>";
		};
		OBJ_22 /* Injection */ = {
			isa = PBXGroup;
			children = (
				OBJ_23 /* Injection.swift */,
				OBJ_24 /* ServiceDependencyInjection.swift */,
			);
			path = Injection;
			sourceTree = "<group>";
		};
		OBJ_26 /* LogService */ = {
			isa = PBXGroup;
			children = (
				OBJ_27 /* ConfigurableLogService.swift */,
				OBJ_28 /* ConsoleLogService.swift */,
				OBJ_29 /* LogService.swift */,
			);
			path = LogService;
			sourceTree = "<group>";
		};
		OBJ_32 /* Network */ = {
			isa = PBXGroup;
			children = (
				OBJ_33 /* BaseNetwork */,
				OBJ_41 /* DataFetcher */,
				OBJ_50 /* DataPoster */,
				OBJ_59 /* ParameterEncoding.swift */,
			);
			path = Network;
			sourceTree = "<group>";
		};
		OBJ_33 /* BaseNetwork */ = {
			isa = PBXGroup;
			children = (
				OBJ_34 /* BaseNetworkService.swift */,
				OBJ_35 /* CertificatePinningService.swift */,
				OBJ_36 /* CoreNetworkService.swift */,
				OBJ_37 /* HTTPRequestBuilder.swift */,
				OBJ_38 /* HTTPService.swift */,
				OBJ_39 /* NetworkSessionConfigurationService.swift */,
				OBJ_40 /* NetworkSpinner.swift */,
			);
			path = BaseNetwork;
			sourceTree = "<group>";
		};
		OBJ_41 /* DataFetcher */ = {
			isa = PBXGroup;
			children = (
				OBJ_42 /* CoreDecoder.swift */,
				OBJ_43 /* DataFetcher.swift */,
				OBJ_44 /* DataFetcherFactory.swift */,
				OBJ_45 /* NonTransformingDataFetcher */,
				OBJ_48 /* ResultTransformer.swift */,
				OBJ_49 /* ServiceErrorTransformer.swift */,
			);
			path = DataFetcher;
			sourceTree = "<group>";
		};
		OBJ_45 /* NonTransformingDataFetcher */ = {
			isa = PBXGroup;
			children = (
				OBJ_46 /* NonErrorTransformingDataFetcherFactory.swift */,
				OBJ_47 /* NonTransformingServiceErrorTransformer.swift */,
			);
			path = NonTransformingDataFetcher;
			sourceTree = "<group>";
		};
		OBJ_5 /*  */ = {
			isa = PBXGroup;
			children = (
				OBJ_6 /* Package.swift */,
				6C4B907025374870006D4DB0 /* ios-test-helpers */,
				OBJ_7 /* Sources */,
				OBJ_72 /* Tests */,
				OBJ_80 /* Dependencies */,
				OBJ_121 /* Products */,
				OBJ_126 /* MobileCoreTestApp */,
				OBJ_127 /* fastlane */,
				OBJ_128 /* LICENSE */,
				OBJ_129 /* CHANGELOG.md */,
				OBJ_130 /* repository.yaml */,
				OBJ_131 /* README.md */,
				OBJ_132 /* Gemfile */,
				OBJ_133 /* Gemfile.lock */,
				OBJ_134 /* swiftlint_local.sh */,
			);
			name = "";
			sourceTree = "<group>";
		};
		OBJ_50 /* DataPoster */ = {
			isa = PBXGroup;
			children = (
				OBJ_51 /* VoidDataPoster */,
			);
			path = DataPoster;
			sourceTree = "<group>";
		};
		OBJ_51 /* VoidDataPoster */ = {
			isa = PBXGroup;
			children = (
				OBJ_52 /* BackgroundDataPoster.swift */,
				OBJ_53 /* BackgroundDataPosterFactory.swift */,
				OBJ_54 /* NonErrorTransformingDataPoster.swift */,
				OBJ_55 /* NonErrorTransformingDataPosterFactory.swift */,
				OBJ_56 /* VoidDataPoster.swift */,
				OBJ_57 /* VoidDataPosterFactory.swift */,
				OBJ_58 /* VoidResultTransformer.swift */,
			);
			path = VoidDataPoster;
			sourceTree = "<group>";
		};
		OBJ_60 /* Services */ = {
			isa = PBXGroup;
			children = (
				OBJ_61 /* AppInfoService.swift */,
				OBJ_62 /* ApplicationStateService.swift */,
				OBJ_63 /* DateService.swift */,
				OBJ_64 /* DeviceInfoService.swift */,
				OBJ_65 /* FraudPreventionService.swift */,
				OBJ_66 /* InfoPListService.swift */,
				OBJ_67 /* JourneyService.swift */,
			);
			path = Services;
			sourceTree = "<group>";
		};
		OBJ_69 /* ViewHelpers */ = {
			isa = PBXGroup;
			children = (
				OBJ_70 /* AccessibilityHelpers.swift */,
				OBJ_71 /* UIView+Descendants.swift */,
			);
			path = ViewHelpers;
			sourceTree = "<group>";
		};
		OBJ_7 /* Sources */ = {
			isa = PBXGroup;
			children = (
				OBJ_8 /* ios-core-library */,
			);
			name = Sources;
			sourceTree = SOURCE_ROOT;
		};
		OBJ_72 /* Tests */ = {
			isa = PBXGroup;
			children = (
				OBJ_73 /* ios-core-libraryTests */,
			);
			name = Tests;
			sourceTree = SOURCE_ROOT;
		};
		OBJ_73 /* ios-core-libraryTests */ = {
			isa = PBXGroup;
			children = (
				OBJ_74 /* Info.plist */,
				OBJ_75 /* Services */,
			);
			name = "ios-core-libraryTests";
			path = "Tests/ios-core-libraryTests";
			sourceTree = SOURCE_ROOT;
		};
		OBJ_75 /* Services */ = {
			isa = PBXGroup;
			children = (
				OBJ_76 /* CoreNetworkServiceTests.swift */,
				OBJ_77 /* CoreRequestBuilderTests.swift */,
				OBJ_78 /* JourneyServiceTests.swift */,
				OBJ_79 /* NetworkSessionConfigurationServiceTests.swift */,
			);
			path = Services;
			sourceTree = "<group>";
		};
		OBJ_8 /* ios-core-library */ = {
			isa = PBXGroup;
			children = (
				OBJ_9 /* MobileCore.h */,
				OBJ_10 /* Info.plist */,
				OBJ_11 /* Configuration.swift */,
				OBJ_12 /* Extentions */,
				OBJ_18 /* HRMCDate.swift */,
				OBJ_19 /* Helpers */,
				OBJ_22 /* Injection */,
				OBJ_25 /* KeychainAccess.swift */,
				OBJ_26 /* LogService */,
				OBJ_30 /* MobileCoreInfo.swift */,
				OBJ_31 /* Namespaces.swift */,
				OBJ_32 /* Network */,
				OBJ_60 /* Services */,
				OBJ_68 /* UserDefaultsProtocol.swift */,
				OBJ_69 /* ViewHelpers */,
			);
			name = "ios-core-library";
			path = "Sources/ios-core-library";
			sourceTree = SOURCE_ROOT;
		};
		OBJ_80 /* Dependencies */ = {
			isa = PBXGroup;
			children = (
				OBJ_81 /* TrustKit 1.7.0 */,
				OBJ_118 /* DeviceKit 4.1.0 */,
			);
			name = Dependencies;
			sourceTree = "<group>";
		};
		OBJ_81 /* TrustKit 1.7.0 */ = {
			isa = PBXGroup;
			children = (
				OBJ_82 /* TrustKit */,
				OBJ_117 /* Package.swift */,
			);
			name = "TrustKit 1.7.0";
			sourceTree = SOURCE_ROOT;
		};
		OBJ_82 /* TrustKit */ = {
			isa = PBXGroup;
			children = (
				OBJ_83 /* Dependencies */,
				OBJ_92 /* Pinning */,
				OBJ_95 /* Reporting */,
				OBJ_101 /* Swizzling */,
				OBJ_104 /* TSKPinningValidator.m */,
				OBJ_105 /* TSKPinningValidatorResult.m */,
				OBJ_106 /* TSKTrustKitConfig.m */,
				OBJ_107 /* TrustKit.m */,
				OBJ_108 /* configuration_utils.m */,
				OBJ_109 /* parse_configuration.m */,
				OBJ_110 /* public */,
			);
			name = TrustKit;
			path = .build/checkouts/TrustKit/TrustKit;
			sourceTree = SOURCE_ROOT;
		};
		OBJ_83 /* Dependencies */ = {
			isa = PBXGroup;
			children = (
				OBJ_84 /* RSSwizzle */,
				OBJ_86 /* domain_registry */,
			);
			path = Dependencies;
			sourceTree = "<group>";
		};
		OBJ_84 /* RSSwizzle */ = {
			isa = PBXGroup;
			children = (
				OBJ_85 /* RSSwizzle.m */,
			);
			path = RSSwizzle;
			sourceTree = "<group>";
		};
		OBJ_86 /* domain_registry */ = {
			isa = PBXGroup;
			children = (
				OBJ_87 /* private */,
			);
			path = domain_registry;
			sourceTree = "<group>";
		};
		OBJ_87 /* private */ = {
			isa = PBXGroup;
			children = (
				OBJ_88 /* init_registry_tables.c */,
				OBJ_89 /* registry_search.c */,
				OBJ_90 /* trie_search.c */,
				OBJ_91 /* tsk_assert.c */,
			);
			path = private;
			sourceTree = "<group>";
		};
		OBJ_92 /* Pinning */ = {
			isa = PBXGroup;
			children = (
				OBJ_93 /* TSKSPKIHashCache.m */,
				OBJ_94 /* ssl_pin_verifier.m */,
			);
			path = Pinning;
			sourceTree = "<group>";
		};
		OBJ_95 /* Reporting */ = {
			isa = PBXGroup;
			children = (
				OBJ_96 /* TSKBackgroundReporter.m */,
				OBJ_97 /* TSKPinFailureReport.m */,
				OBJ_98 /* TSKReportsRateLimiter.m */,
				OBJ_99 /* reporting_utils.m */,
				OBJ_100 /* vendor_identifier.m */,
			);
			path = Reporting;
			sourceTree = "<group>";
		};
/* End PBXGroup section */

/* Begin PBXHeadersBuildPhase section */
		OBJ_173 /* Headers */ = {
			isa = PBXHeadersBuildPhase;
			buildActionMask = 0;
			files = (
				OBJ_174 /* TSKTrustKitConfig.h in Headers */,
				OBJ_175 /* TSKTrustDecision.h in Headers */,
				OBJ_176 /* TSKPinningValidatorResult.h in Headers */,
				OBJ_177 /* TrustKit.h in Headers */,
				OBJ_178 /* TSKPinningValidator.h in Headers */,
				OBJ_179 /* TSKPinningValidatorCallback.h in Headers */,
			);
			runOnlyForDeploymentPostprocessing = 0;
		};
/* End PBXHeadersBuildPhase section */

/* Begin PBXNativeTarget section */
		"DeviceKit::DeviceKit" /* DeviceKit */ = {
			isa = PBXNativeTarget;
			buildConfigurationList = OBJ_136 /* Build configuration list for PBXNativeTarget "DeviceKit" */;
			buildPhases = (
				OBJ_139 /* Sources */,
				OBJ_141 /* Frameworks */,
			);
			buildRules = (
			);
			dependencies = (
			);
			name = DeviceKit;
			productName = DeviceKit;
			productReference = "DeviceKit::DeviceKit::Product" /* DeviceKit.framework */;
			productType = "com.apple.product-type.framework";
		};
		"DeviceKit::SwiftPMPackageDescription" /* DeviceKitPackageDescription */ = {
			isa = PBXNativeTarget;
			buildConfigurationList = OBJ_143 /* Build configuration list for PBXNativeTarget "DeviceKitPackageDescription" */;
			buildPhases = (
				OBJ_146 /* Sources */,
			);
			buildRules = (
			);
			dependencies = (
			);
			name = DeviceKitPackageDescription;
			productName = DeviceKitPackageDescription;
			productType = "com.apple.product-type.framework";
		};
		"TrustKit::SwiftPMPackageDescription" /* TrustKitPackageDescription */ = {
			isa = PBXNativeTarget;
			buildConfigurationList = OBJ_182 /* Build configuration list for PBXNativeTarget "TrustKitPackageDescription" */;
			buildPhases = (
				OBJ_185 /* Sources */,
			);
			buildRules = (
			);
			dependencies = (
			);
			name = TrustKitPackageDescription;
			productName = TrustKitPackageDescription;
			productType = "com.apple.product-type.framework";
		};
		"TrustKit::TrustKit" /* TrustKit */ = {
			isa = PBXNativeTarget;
			buildConfigurationList = OBJ_149 /* Build configuration list for PBXNativeTarget "TrustKit" */;
			buildPhases = (
				OBJ_152 /* Sources */,
				OBJ_173 /* Headers */,
				OBJ_180 /* Frameworks */,
			);
			buildRules = (
			);
			dependencies = (
			);
			name = TrustKit;
			productName = TrustKit;
			productReference = "TrustKit::TrustKit::Product" /* TrustKit.framework */;
			productType = "com.apple.product-type.framework";
		};
		"ios-core-library::SwiftPMPackageDescription" /* ios-core-libraryPackageDescription */ = {
			isa = PBXNativeTarget;
			buildConfigurationList = OBJ_247 /* Build configuration list for PBXNativeTarget "ios-core-libraryPackageDescription" */;
			buildPhases = (
				OBJ_250 /* Sources */,
			);
			buildRules = (
			);
			dependencies = (
			);
			name = "ios-core-libraryPackageDescription";
			productName = "ios-core-libraryPackageDescription";
			productType = "com.apple.product-type.framework";
		};
		"ios-core-library::ios-core-library" /* ios-core-library */ = {
			isa = PBXNativeTarget;
			buildConfigurationList = OBJ_188 /* Build configuration list for PBXNativeTarget "ios-core-library" */;
			buildPhases = (
				OBJ_191 /* Sources */,
				OBJ_241 /* Frameworks */,
			);
			buildRules = (
			);
			dependencies = (
				OBJ_244 /* PBXTargetDependency */,
				OBJ_245 /* PBXTargetDependency */,
			);
			name = "ios-core-library";
			productName = ios_core_library;
			productReference = "ios-core-library::ios-core-library::Product" /* ios_core_library.framework */;
			productType = "com.apple.product-type.framework";
		};
		"ios-core-library::ios-core-libraryTests" /* ios-core-libraryTests */ = {
			isa = PBXNativeTarget;
			buildConfigurationList = OBJ_258 /* Build configuration list for PBXNativeTarget "ios-core-libraryTests" */;
			buildPhases = (
				OBJ_261 /* Sources */,
				OBJ_266 /* Frameworks */,
			);
			buildRules = (
			);
			dependencies = (
				OBJ_270 /* PBXTargetDependency */,
				OBJ_271 /* PBXTargetDependency */,
				OBJ_272 /* PBXTargetDependency */,
			);
			name = "ios-core-libraryTests";
			productName = ios_core_libraryTests;
			productReference = "ios-core-library::ios-core-libraryTests::Product" /* ios_core_libraryTests.xctest */;
			productType = "com.apple.product-type.bundle.unit-test";
		};
/* End PBXNativeTarget section */

/* Begin PBXProject section */
		OBJ_1 /* Project object */ = {
			isa = PBXProject;
			attributes = {
				LastSwiftMigration = 9999;
				LastUpgradeCheck = 9999;
			};
			buildConfigurationList = OBJ_2 /* Build configuration list for PBXProject "ios-core-library" */;
			compatibilityVersion = "Xcode 3.2";
			developmentRegion = en;
			hasScannedForEncodings = 0;
			knownRegions = (
				en,
			);
			mainGroup = OBJ_5 /*  */;
			productRefGroup = OBJ_121 /* Products */;
			projectDirPath = "";
			projectRoot = "";
			targets = (
				"DeviceKit::DeviceKit" /* DeviceKit */,
				"DeviceKit::SwiftPMPackageDescription" /* DeviceKitPackageDescription */,
				"TrustKit::TrustKit" /* TrustKit */,
				"TrustKit::SwiftPMPackageDescription" /* TrustKitPackageDescription */,
				"ios-core-library::ios-core-library" /* ios-core-library */,
				"ios-core-library::SwiftPMPackageDescription" /* ios-core-libraryPackageDescription */,
				"ios-core-library::ios-core-libraryPackageTests::ProductTarget" /* ios-core-libraryPackageTests */,
				"ios-core-library::ios-core-libraryTests" /* ios-core-libraryTests */,
			);
		};
/* End PBXProject section */

/* Begin PBXSourcesBuildPhase section */
		OBJ_139 /* Sources */ = {
			isa = PBXSourcesBuildPhase;
			buildActionMask = 0;
			files = (
				OBJ_140 /* Device.generated.swift in Sources */,
			);
			runOnlyForDeploymentPostprocessing = 0;
		};
		OBJ_146 /* Sources */ = {
			isa = PBXSourcesBuildPhase;
			buildActionMask = 0;
			files = (
				OBJ_147 /* Package.swift in Sources */,
			);
			runOnlyForDeploymentPostprocessing = 0;
		};
		OBJ_152 /* Sources */ = {
			isa = PBXSourcesBuildPhase;
			buildActionMask = 0;
			files = (
				OBJ_153 /* RSSwizzle.m in Sources */,
				OBJ_154 /* init_registry_tables.c in Sources */,
				OBJ_155 /* registry_search.c in Sources */,
				OBJ_156 /* trie_search.c in Sources */,
				OBJ_157 /* tsk_assert.c in Sources */,
				OBJ_158 /* TSKSPKIHashCache.m in Sources */,
				OBJ_159 /* ssl_pin_verifier.m in Sources */,
				OBJ_160 /* TSKBackgroundReporter.m in Sources */,
				OBJ_161 /* TSKPinFailureReport.m in Sources */,
				OBJ_162 /* TSKReportsRateLimiter.m in Sources */,
				OBJ_163 /* reporting_utils.m in Sources */,
				OBJ_164 /* vendor_identifier.m in Sources */,
				OBJ_165 /* TSKNSURLConnectionDelegateProxy.m in Sources */,
				OBJ_166 /* TSKNSURLSessionDelegateProxy.m in Sources */,
				OBJ_167 /* TSKPinningValidator.m in Sources */,
				OBJ_168 /* TSKPinningValidatorResult.m in Sources */,
				OBJ_169 /* TSKTrustKitConfig.m in Sources */,
				OBJ_170 /* TrustKit.m in Sources */,
				OBJ_171 /* configuration_utils.m in Sources */,
				OBJ_172 /* parse_configuration.m in Sources */,
			);
			runOnlyForDeploymentPostprocessing = 0;
		};
		OBJ_185 /* Sources */ = {
			isa = PBXSourcesBuildPhase;
			buildActionMask = 0;
			files = (
				OBJ_186 /* Package.swift in Sources */,
			);
			runOnlyForDeploymentPostprocessing = 0;
		};
		OBJ_191 /* Sources */ = {
			isa = PBXSourcesBuildPhase;
			buildActionMask = 0;
			files = (
				OBJ_192 /* Configuration.swift in Sources */,
				OBJ_193 /* Enum+CaseCountable.swift in Sources */,
				OBJ_194 /* FoundationExtensions.swift in Sources */,
				OBJ_195 /* ProcessInfo+Tests.swift in Sources */,
				OBJ_196 /* UIApplication+Version.swift in Sources */,
				OBJ_197 /* URL+QueryString.swift in Sources */,
				OBJ_198 /* HRMCDate.swift in Sources */,
				OBJ_199 /* DebugHelpers.swift in Sources */,
				OBJ_200 /* ThreadHelpers.swift in Sources */,
				OBJ_201 /* Injection.swift in Sources */,
				OBJ_202 /* ServiceDependencyInjection.swift in Sources */,
				OBJ_203 /* KeychainAccess.swift in Sources */,
				OBJ_204 /* ConfigurableLogService.swift in Sources */,
				OBJ_205 /* ConsoleLogService.swift in Sources */,
				OBJ_206 /* LogService.swift in Sources */,
				OBJ_207 /* MobileCoreInfo.swift in Sources */,
				OBJ_208 /* Namespaces.swift in Sources */,
				OBJ_209 /* BaseNetworkService.swift in Sources */,
				OBJ_210 /* CertificatePinningService.swift in Sources */,
				OBJ_211 /* CoreNetworkService.swift in Sources */,
				OBJ_212 /* HTTPRequestBuilder.swift in Sources */,
				OBJ_213 /* HTTPService.swift in Sources */,
				OBJ_214 /* NetworkSessionConfigurationService.swift in Sources */,
				OBJ_215 /* NetworkSpinner.swift in Sources */,
				OBJ_216 /* CoreDecoder.swift in Sources */,
				OBJ_217 /* DataFetcher.swift in Sources */,
				OBJ_218 /* DataFetcherFactory.swift in Sources */,
				OBJ_219 /* NonErrorTransformingDataFetcherFactory.swift in Sources */,
				OBJ_220 /* NonTransformingServiceErrorTransformer.swift in Sources */,
				OBJ_221 /* ResultTransformer.swift in Sources */,
				OBJ_222 /* ServiceErrorTransformer.swift in Sources */,
				OBJ_223 /* BackgroundDataPoster.swift in Sources */,
				OBJ_224 /* BackgroundDataPosterFactory.swift in Sources */,
				OBJ_225 /* NonErrorTransformingDataPoster.swift in Sources */,
				OBJ_226 /* NonErrorTransformingDataPosterFactory.swift in Sources */,
				OBJ_227 /* VoidDataPoster.swift in Sources */,
				OBJ_228 /* VoidDataPosterFactory.swift in Sources */,
				OBJ_229 /* VoidResultTransformer.swift in Sources */,
				OBJ_230 /* ParameterEncoding.swift in Sources */,
				OBJ_231 /* AppInfoService.swift in Sources */,
				OBJ_232 /* ApplicationStateService.swift in Sources */,
				OBJ_233 /* DateService.swift in Sources */,
				OBJ_234 /* DeviceInfoService.swift in Sources */,
				OBJ_235 /* FraudPreventionService.swift in Sources */,
				OBJ_236 /* InfoPListService.swift in Sources */,
				OBJ_237 /* JourneyService.swift in Sources */,
				OBJ_238 /* UserDefaultsProtocol.swift in Sources */,
				OBJ_239 /* AccessibilityHelpers.swift in Sources */,
				OBJ_240 /* UIView+Descendants.swift in Sources */,
			);
			runOnlyForDeploymentPostprocessing = 0;
		};
		OBJ_250 /* Sources */ = {
			isa = PBXSourcesBuildPhase;
			buildActionMask = 0;
			files = (
				OBJ_251 /* Package.swift in Sources */,
			);
			runOnlyForDeploymentPostprocessing = 0;
		};
		OBJ_261 /* Sources */ = {
			isa = PBXSourcesBuildPhase;
			buildActionMask = 0;
			files = (
				6C4B909325374870006D4DB0 /* CoreTestConstants.swift in Sources */,
				OBJ_262 /* CoreNetworkServiceTests.swift in Sources */,
				6C4B908425374870006D4DB0 /* MockInfoPListService.swift in Sources */,
				6C4B908525374870006D4DB0 /* MockCoreNamespaces.swift in Sources */,
				6C4B908B25374870006D4DB0 /* MockAppInfoService.swift in Sources */,
				6C4B908925374870006D4DB0 /* MockDateService.swift in Sources */,
				OBJ_263 /* CoreRequestBuilderTests.swift in Sources */,
				6C4B908C25374870006D4DB0 /* MockApplicationStateService.swift in Sources */,
				6C4B908A25374870006D4DB0 /* MockSpinner.swift in Sources */,
				6C4B909225374870006D4DB0 /* CoreTestHelpers.swift in Sources */,
				6C4B909125374870006D4DB0 /* CoreTestCase.swift in Sources */,
				6C4B908F25374870006D4DB0 /* MockCoreHTTPService.swift in Sources */,
				6C4B908E25374870006D4DB0 /* MockCoreNetworkService.swift in Sources */,
				OBJ_264 /* JourneyServiceTests.swift in Sources */,
				6C4B908825374870006D4DB0 /* MockJourneyService.swift in Sources */,
				6C4B908725374870006D4DB0 /* MockDeviceInfoService.swift in Sources */,
				6C4B908D25374870006D4DB0 /* CoreMockBase.swift in Sources */,
				6C4B909025374870006D4DB0 /* CoreUnitTestCase.swift in Sources */,
				6C4B908625374870006D4DB0 /* MockUserDefaults.swift in Sources */,
				OBJ_265 /* NetworkSessionConfigurationServiceTests.swift in Sources */,
			);
			runOnlyForDeploymentPostprocessing = 0;
		};
/* End PBXSourcesBuildPhase section */

/* Begin PBXTargetDependency section */
		OBJ_244 /* PBXTargetDependency */ = {
			isa = PBXTargetDependency;
			target = "TrustKit::TrustKit" /* TrustKit */;
			targetProxy = 6C4B9045253747CA006D4DB0 /* PBXContainerItemProxy */;
		};
		OBJ_245 /* PBXTargetDependency */ = {
			isa = PBXTargetDependency;
			target = "DeviceKit::DeviceKit" /* DeviceKit */;
			targetProxy = 6C4B9046253747CA006D4DB0 /* PBXContainerItemProxy */;
		};
		OBJ_256 /* PBXTargetDependency */ = {
			isa = PBXTargetDependency;
			target = "ios-core-library::ios-core-libraryTests" /* ios-core-libraryTests */;
			targetProxy = 6C4B9050253747CB006D4DB0 /* PBXContainerItemProxy */;
		};
		OBJ_270 /* PBXTargetDependency */ = {
			isa = PBXTargetDependency;
			target = "ios-core-library::ios-core-library" /* ios-core-library */;
			targetProxy = 6C4B9047253747CA006D4DB0 /* PBXContainerItemProxy */;
		};
		OBJ_271 /* PBXTargetDependency */ = {
			isa = PBXTargetDependency;
			target = "TrustKit::TrustKit" /* TrustKit */;
			targetProxy = 6C4B9048253747CA006D4DB0 /* PBXContainerItemProxy */;
		};
		OBJ_272 /* PBXTargetDependency */ = {
			isa = PBXTargetDependency;
			target = "DeviceKit::DeviceKit" /* DeviceKit */;
			targetProxy = 6C4B9049253747CA006D4DB0 /* PBXContainerItemProxy */;
		};
/* End PBXTargetDependency section */

/* Begin XCBuildConfiguration section */
		OBJ_137 /* Debug */ = {
			isa = XCBuildConfiguration;
			buildSettings = {
				ENABLE_TESTABILITY = YES;
				FRAMEWORK_SEARCH_PATHS = (
					"$(inherited)",
					"$(PLATFORM_DIR)/Developer/Library/Frameworks",
				);
				HEADER_SEARCH_PATHS = "$(inherited)";
				INFOPLIST_FILE = "ios-core-library.xcodeproj/DeviceKit_Info.plist";
				IPHONEOS_DEPLOYMENT_TARGET = 9.0;
				LD_RUNPATH_SEARCH_PATHS = "$(inherited) $(TOOLCHAIN_DIR)/usr/lib/swift/macosx";
				MACOSX_DEPLOYMENT_TARGET = 10.10;
				OTHER_CFLAGS = "$(inherited)";
				OTHER_LDFLAGS = "$(inherited)";
				OTHER_SWIFT_FLAGS = "$(inherited)";
				PRODUCT_BUNDLE_IDENTIFIER = DeviceKit;
				PRODUCT_MODULE_NAME = "$(TARGET_NAME:c99extidentifier)";
				PRODUCT_NAME = "$(TARGET_NAME:c99extidentifier)";
				SKIP_INSTALL = YES;
				SWIFT_ACTIVE_COMPILATION_CONDITIONS = "$(inherited)";
				SWIFT_VERSION = 5.0;
				TARGET_NAME = DeviceKit;
				TVOS_DEPLOYMENT_TARGET = 9.0;
				WATCHOS_DEPLOYMENT_TARGET = 2.0;
			};
			name = Debug;
		};
		OBJ_138 /* Release */ = {
			isa = XCBuildConfiguration;
			buildSettings = {
				ENABLE_TESTABILITY = YES;
				FRAMEWORK_SEARCH_PATHS = (
					"$(inherited)",
					"$(PLATFORM_DIR)/Developer/Library/Frameworks",
				);
				HEADER_SEARCH_PATHS = "$(inherited)";
				INFOPLIST_FILE = "ios-core-library.xcodeproj/DeviceKit_Info.plist";
				IPHONEOS_DEPLOYMENT_TARGET = 9.0;
				LD_RUNPATH_SEARCH_PATHS = "$(inherited) $(TOOLCHAIN_DIR)/usr/lib/swift/macosx";
				MACOSX_DEPLOYMENT_TARGET = 10.10;
				OTHER_CFLAGS = "$(inherited)";
				OTHER_LDFLAGS = "$(inherited)";
				OTHER_SWIFT_FLAGS = "$(inherited)";
				PRODUCT_BUNDLE_IDENTIFIER = DeviceKit;
				PRODUCT_MODULE_NAME = "$(TARGET_NAME:c99extidentifier)";
				PRODUCT_NAME = "$(TARGET_NAME:c99extidentifier)";
				SKIP_INSTALL = YES;
				SWIFT_ACTIVE_COMPILATION_CONDITIONS = "$(inherited)";
				SWIFT_VERSION = 5.0;
				TARGET_NAME = DeviceKit;
				TVOS_DEPLOYMENT_TARGET = 9.0;
				WATCHOS_DEPLOYMENT_TARGET = 2.0;
			};
			name = Release;
		};
		OBJ_144 /* Debug */ = {
			isa = XCBuildConfiguration;
			buildSettings = {
				LD = /usr/bin/true;
				OTHER_SWIFT_FLAGS = "-swift-version 5 -I $(TOOLCHAIN_DIR)/usr/lib/swift/pm/4_2 -sdk /Applications/Xcode.app/Contents/Developer/Platforms/MacOSX.platform/Developer/SDKs/MacOSX10.15.sdk -package-description-version 5.0.0";
				SWIFT_VERSION = 5.0;
			};
			name = Debug;
		};
		OBJ_145 /* Release */ = {
			isa = XCBuildConfiguration;
			buildSettings = {
				LD = /usr/bin/true;
				OTHER_SWIFT_FLAGS = "-swift-version 5 -I $(TOOLCHAIN_DIR)/usr/lib/swift/pm/4_2 -sdk /Applications/Xcode.app/Contents/Developer/Platforms/MacOSX.platform/Developer/SDKs/MacOSX10.15.sdk -package-description-version 5.0.0";
				SWIFT_VERSION = 5.0;
			};
			name = Release;
		};
		OBJ_150 /* Debug */ = {
			isa = XCBuildConfiguration;
			buildSettings = {
				CLANG_ENABLE_MODULES = YES;
				DEFINES_MODULE = YES;
				ENABLE_TESTABILITY = YES;
				FRAMEWORK_SEARCH_PATHS = (
					"$(inherited)",
					"$(PLATFORM_DIR)/Developer/Library/Frameworks",
				);
				HEADER_SEARCH_PATHS = (
					"$(inherited)",
					"$(SRCROOT)/.build/checkouts/TrustKit/TrustKit/public",
				);
				INFOPLIST_FILE = "ios-core-library.xcodeproj/TrustKit_Info.plist";
				IPHONEOS_DEPLOYMENT_TARGET = 11.0;
				LD_RUNPATH_SEARCH_PATHS = "$(inherited) $(TOOLCHAIN_DIR)/usr/lib/swift/macosx";
				MACOSX_DEPLOYMENT_TARGET = 10.13;
				OTHER_CFLAGS = "$(inherited)";
				OTHER_LDFLAGS = "$(inherited)";
				OTHER_SWIFT_FLAGS = "$(inherited)";
				PRODUCT_BUNDLE_IDENTIFIER = TrustKit;
				PRODUCT_MODULE_NAME = "$(TARGET_NAME:c99extidentifier)";
				PRODUCT_NAME = "$(TARGET_NAME:c99extidentifier)";
				SKIP_INSTALL = YES;
				SWIFT_ACTIVE_COMPILATION_CONDITIONS = "$(inherited)";
				TARGET_NAME = TrustKit;
				TVOS_DEPLOYMENT_TARGET = 11.0;
				WATCHOS_DEPLOYMENT_TARGET = 4.0;
			};
			name = Debug;
		};
		OBJ_151 /* Release */ = {
			isa = XCBuildConfiguration;
			buildSettings = {
				CLANG_ENABLE_MODULES = YES;
				DEFINES_MODULE = YES;
				ENABLE_TESTABILITY = YES;
				FRAMEWORK_SEARCH_PATHS = (
					"$(inherited)",
					"$(PLATFORM_DIR)/Developer/Library/Frameworks",
				);
				HEADER_SEARCH_PATHS = (
					"$(inherited)",
					"$(SRCROOT)/.build/checkouts/TrustKit/TrustKit/public",
				);
				INFOPLIST_FILE = "ios-core-library.xcodeproj/TrustKit_Info.plist";
				IPHONEOS_DEPLOYMENT_TARGET = 11.0;
				LD_RUNPATH_SEARCH_PATHS = "$(inherited) $(TOOLCHAIN_DIR)/usr/lib/swift/macosx";
				MACOSX_DEPLOYMENT_TARGET = 10.13;
				OTHER_CFLAGS = "$(inherited)";
				OTHER_LDFLAGS = "$(inherited)";
				OTHER_SWIFT_FLAGS = "$(inherited)";
				PRODUCT_BUNDLE_IDENTIFIER = TrustKit;
				PRODUCT_MODULE_NAME = "$(TARGET_NAME:c99extidentifier)";
				PRODUCT_NAME = "$(TARGET_NAME:c99extidentifier)";
				SKIP_INSTALL = YES;
				SWIFT_ACTIVE_COMPILATION_CONDITIONS = "$(inherited)";
				TARGET_NAME = TrustKit;
				TVOS_DEPLOYMENT_TARGET = 11.0;
				WATCHOS_DEPLOYMENT_TARGET = 4.0;
			};
			name = Release;
		};
		OBJ_183 /* Debug */ = {
			isa = XCBuildConfiguration;
			buildSettings = {
				LD = /usr/bin/true;
				OTHER_SWIFT_FLAGS = "-swift-version 5 -I $(TOOLCHAIN_DIR)/usr/lib/swift/pm/4_2 -sdk /Applications/Xcode.app/Contents/Developer/Platforms/MacOSX.platform/Developer/SDKs/MacOSX10.15.sdk -package-description-version 5.1.0";
				SWIFT_VERSION = 5.0;
			};
			name = Debug;
		};
		OBJ_184 /* Release */ = {
			isa = XCBuildConfiguration;
			buildSettings = {
				LD = /usr/bin/true;
				OTHER_SWIFT_FLAGS = "-swift-version 5 -I $(TOOLCHAIN_DIR)/usr/lib/swift/pm/4_2 -sdk /Applications/Xcode.app/Contents/Developer/Platforms/MacOSX.platform/Developer/SDKs/MacOSX10.15.sdk -package-description-version 5.1.0";
				SWIFT_VERSION = 5.0;
			};
			name = Release;
		};
		OBJ_189 /* Debug */ = {
			isa = XCBuildConfiguration;
			buildSettings = {
				ENABLE_TESTABILITY = YES;
				FRAMEWORK_SEARCH_PATHS = (
					"$(inherited)",
					"$(PLATFORM_DIR)/Developer/Library/Frameworks",
				);
				HEADER_SEARCH_PATHS = (
					"$(inherited)",
					"$(SRCROOT)/.build/checkouts/TrustKit/TrustKit/public",
				);
				INFOPLIST_FILE = "ios-core-library.xcodeproj/ios_core_library_Info.plist";
				IPHONEOS_DEPLOYMENT_TARGET = 11.0;
				LD_RUNPATH_SEARCH_PATHS = "$(inherited) $(TOOLCHAIN_DIR)/usr/lib/swift/macosx";
				MACOSX_DEPLOYMENT_TARGET = 10.10;
				OTHER_CFLAGS = "$(inherited)";
				OTHER_LDFLAGS = "$(inherited)";
				OTHER_SWIFT_FLAGS = "$(inherited)";
				PRODUCT_BUNDLE_IDENTIFIER = "ios-core-library";
				PRODUCT_MODULE_NAME = "$(TARGET_NAME:c99extidentifier)";
				PRODUCT_NAME = "$(TARGET_NAME:c99extidentifier)";
				SKIP_INSTALL = YES;
				SWIFT_ACTIVE_COMPILATION_CONDITIONS = "$(inherited)";
				SWIFT_VERSION = 5.0;
				TARGET_NAME = "ios-core-library";
				TVOS_DEPLOYMENT_TARGET = 9.0;
				WATCHOS_DEPLOYMENT_TARGET = 2.0;
			};
			name = Debug;
		};
		OBJ_190 /* Release */ = {
			isa = XCBuildConfiguration;
			buildSettings = {
				ENABLE_TESTABILITY = YES;
				FRAMEWORK_SEARCH_PATHS = (
					"$(inherited)",
					"$(PLATFORM_DIR)/Developer/Library/Frameworks",
				);
				HEADER_SEARCH_PATHS = (
					"$(inherited)",
					"$(SRCROOT)/.build/checkouts/TrustKit/TrustKit/public",
				);
				INFOPLIST_FILE = "ios-core-library.xcodeproj/ios_core_library_Info.plist";
				IPHONEOS_DEPLOYMENT_TARGET = 11.0;
				LD_RUNPATH_SEARCH_PATHS = "$(inherited) $(TOOLCHAIN_DIR)/usr/lib/swift/macosx";
				MACOSX_DEPLOYMENT_TARGET = 10.10;
				OTHER_CFLAGS = "$(inherited)";
				OTHER_LDFLAGS = "$(inherited)";
				OTHER_SWIFT_FLAGS = "$(inherited)";
				PRODUCT_BUNDLE_IDENTIFIER = "ios-core-library";
				PRODUCT_MODULE_NAME = "$(TARGET_NAME:c99extidentifier)";
				PRODUCT_NAME = "$(TARGET_NAME:c99extidentifier)";
				SKIP_INSTALL = YES;
				SWIFT_ACTIVE_COMPILATION_CONDITIONS = "$(inherited)";
				SWIFT_VERSION = 5.0;
				TARGET_NAME = "ios-core-library";
				TVOS_DEPLOYMENT_TARGET = 9.0;
				WATCHOS_DEPLOYMENT_TARGET = 2.0;
			};
			name = Release;
		};
		OBJ_248 /* Debug */ = {
			isa = XCBuildConfiguration;
			buildSettings = {
				LD = /usr/bin/true;
				OTHER_SWIFT_FLAGS = "-swift-version 5 -I $(TOOLCHAIN_DIR)/usr/lib/swift/pm/4_2 -sdk /Applications/Xcode.app/Contents/Developer/Platforms/MacOSX.platform/Developer/SDKs/MacOSX10.15.sdk -package-description-version 5.3.0";
				SWIFT_VERSION = 5.0;
			};
			name = Debug;
		};
		OBJ_249 /* Release */ = {
			isa = XCBuildConfiguration;
			buildSettings = {
				LD = /usr/bin/true;
				OTHER_SWIFT_FLAGS = "-swift-version 5 -I $(TOOLCHAIN_DIR)/usr/lib/swift/pm/4_2 -sdk /Applications/Xcode.app/Contents/Developer/Platforms/MacOSX.platform/Developer/SDKs/MacOSX10.15.sdk -package-description-version 5.3.0";
				SWIFT_VERSION = 5.0;
			};
			name = Release;
		};
		OBJ_254 /* Debug */ = {
			isa = XCBuildConfiguration;
			buildSettings = {
			};
			name = Debug;
		};
		OBJ_255 /* Release */ = {
			isa = XCBuildConfiguration;
			buildSettings = {
			};
			name = Release;
		};
		OBJ_259 /* Debug */ = {
			isa = XCBuildConfiguration;
			buildSettings = {
				CLANG_ENABLE_MODULES = YES;
				EMBEDDED_CONTENT_CONTAINS_SWIFT = YES;
				FRAMEWORK_SEARCH_PATHS = (
					"$(inherited)",
					"$(PLATFORM_DIR)/Developer/Library/Frameworks",
				);
				HEADER_SEARCH_PATHS = (
					"$(inherited)",
					"$(SRCROOT)/.build/checkouts/TrustKit/TrustKit/public",
				);
				INFOPLIST_FILE = "ios-core-library.xcodeproj/ios_core_libraryTests_Info.plist";
				IPHONEOS_DEPLOYMENT_TARGET = 14.0;
				LD_RUNPATH_SEARCH_PATHS = "$(inherited) @loader_path/../Frameworks @loader_path/Frameworks";
				MACOSX_DEPLOYMENT_TARGET = 10.15;
				OTHER_CFLAGS = "$(inherited)";
				OTHER_LDFLAGS = "$(inherited)";
				OTHER_SWIFT_FLAGS = "$(inherited)";
				SWIFT_ACTIVE_COMPILATION_CONDITIONS = "$(inherited)";
				SWIFT_VERSION = 5.0;
				TARGET_NAME = "ios-core-libraryTests";
				TVOS_DEPLOYMENT_TARGET = 9.0;
				WATCHOS_DEPLOYMENT_TARGET = 2.0;
			};
			name = Debug;
		};
		OBJ_260 /* Release */ = {
			isa = XCBuildConfiguration;
			buildSettings = {
				CLANG_ENABLE_MODULES = YES;
				EMBEDDED_CONTENT_CONTAINS_SWIFT = YES;
				FRAMEWORK_SEARCH_PATHS = (
					"$(inherited)",
					"$(PLATFORM_DIR)/Developer/Library/Frameworks",
				);
				HEADER_SEARCH_PATHS = (
					"$(inherited)",
					"$(SRCROOT)/.build/checkouts/TrustKit/TrustKit/public",
				);
				INFOPLIST_FILE = "ios-core-library.xcodeproj/ios_core_libraryTests_Info.plist";
				IPHONEOS_DEPLOYMENT_TARGET = 14.0;
				LD_RUNPATH_SEARCH_PATHS = "$(inherited) @loader_path/../Frameworks @loader_path/Frameworks";
				MACOSX_DEPLOYMENT_TARGET = 10.15;
				OTHER_CFLAGS = "$(inherited)";
				OTHER_LDFLAGS = "$(inherited)";
				OTHER_SWIFT_FLAGS = "$(inherited)";
				SWIFT_ACTIVE_COMPILATION_CONDITIONS = "$(inherited)";
				SWIFT_VERSION = 5.0;
				TARGET_NAME = "ios-core-libraryTests";
				TVOS_DEPLOYMENT_TARGET = 9.0;
				WATCHOS_DEPLOYMENT_TARGET = 2.0;
			};
			name = Release;
		};
		OBJ_3 /* Debug */ = {
			isa = XCBuildConfiguration;
			buildSettings = {
				CLANG_ENABLE_OBJC_ARC = YES;
				COMBINE_HIDPI_IMAGES = YES;
				COPY_PHASE_STRIP = NO;
				DEBUG_INFORMATION_FORMAT = dwarf;
				DYLIB_INSTALL_NAME_BASE = "@rpath";
				ENABLE_NS_ASSERTIONS = YES;
				GCC_OPTIMIZATION_LEVEL = 0;
				GCC_PREPROCESSOR_DEFINITIONS = (
					"$(inherited)",
					"SWIFT_PACKAGE=1",
					"DEBUG=1",
				);
				MACOSX_DEPLOYMENT_TARGET = 10.10;
				ONLY_ACTIVE_ARCH = YES;
				OTHER_SWIFT_FLAGS = "$(inherited) -DXcode";
				PRODUCT_NAME = "$(TARGET_NAME)";
				SDKROOT = macosx;
				SUPPORTED_PLATFORMS = "macosx iphoneos iphonesimulator appletvos appletvsimulator watchos watchsimulator";
				SWIFT_ACTIVE_COMPILATION_CONDITIONS = "$(inherited) SWIFT_PACKAGE DEBUG";
				SWIFT_OPTIMIZATION_LEVEL = "-Onone";
				USE_HEADERMAP = NO;
			};
			name = Debug;
		};
		OBJ_4 /* Release */ = {
			isa = XCBuildConfiguration;
			buildSettings = {
				CLANG_ENABLE_OBJC_ARC = YES;
				COMBINE_HIDPI_IMAGES = YES;
				COPY_PHASE_STRIP = YES;
				DEBUG_INFORMATION_FORMAT = "dwarf-with-dsym";
				DYLIB_INSTALL_NAME_BASE = "@rpath";
				GCC_OPTIMIZATION_LEVEL = s;
				GCC_PREPROCESSOR_DEFINITIONS = (
					"$(inherited)",
					"SWIFT_PACKAGE=1",
				);
				MACOSX_DEPLOYMENT_TARGET = 10.10;
				OTHER_SWIFT_FLAGS = "$(inherited) -DXcode";
				PRODUCT_NAME = "$(TARGET_NAME)";
				SDKROOT = macosx;
				SUPPORTED_PLATFORMS = "macosx iphoneos iphonesimulator appletvos appletvsimulator watchos watchsimulator";
				SWIFT_ACTIVE_COMPILATION_CONDITIONS = "$(inherited) SWIFT_PACKAGE";
				SWIFT_OPTIMIZATION_LEVEL = "-Owholemodule";
				USE_HEADERMAP = NO;
			};
			name = Release;
		};
/* End XCBuildConfiguration section */

/* Begin XCConfigurationList section */
		OBJ_136 /* Build configuration list for PBXNativeTarget "DeviceKit" */ = {
			isa = XCConfigurationList;
			buildConfigurations = (
				OBJ_137 /* Debug */,
				OBJ_138 /* Release */,
			);
			defaultConfigurationIsVisible = 0;
			defaultConfigurationName = Release;
		};
		OBJ_143 /* Build configuration list for PBXNativeTarget "DeviceKitPackageDescription" */ = {
			isa = XCConfigurationList;
			buildConfigurations = (
				OBJ_144 /* Debug */,
				OBJ_145 /* Release */,
			);
			defaultConfigurationIsVisible = 0;
			defaultConfigurationName = Release;
		};
		OBJ_149 /* Build configuration list for PBXNativeTarget "TrustKit" */ = {
			isa = XCConfigurationList;
			buildConfigurations = (
				OBJ_150 /* Debug */,
				OBJ_151 /* Release */,
			);
			defaultConfigurationIsVisible = 0;
			defaultConfigurationName = Release;
		};
		OBJ_182 /* Build configuration list for PBXNativeTarget "TrustKitPackageDescription" */ = {
			isa = XCConfigurationList;
			buildConfigurations = (
				OBJ_183 /* Debug */,
				OBJ_184 /* Release */,
			);
			defaultConfigurationIsVisible = 0;
			defaultConfigurationName = Release;
		};
		OBJ_188 /* Build configuration list for PBXNativeTarget "ios-core-library" */ = {
			isa = XCConfigurationList;
			buildConfigurations = (
				OBJ_189 /* Debug */,
				OBJ_190 /* Release */,
			);
			defaultConfigurationIsVisible = 0;
			defaultConfigurationName = Release;
		};
		OBJ_2 /* Build configuration list for PBXProject "ios-core-library" */ = {
			isa = XCConfigurationList;
			buildConfigurations = (
				OBJ_3 /* Debug */,
				OBJ_4 /* Release */,
			);
			defaultConfigurationIsVisible = 0;
			defaultConfigurationName = Release;
		};
		OBJ_247 /* Build configuration list for PBXNativeTarget "ios-core-libraryPackageDescription" */ = {
			isa = XCConfigurationList;
			buildConfigurations = (
				OBJ_248 /* Debug */,
				OBJ_249 /* Release */,
			);
			defaultConfigurationIsVisible = 0;
			defaultConfigurationName = Release;
		};
		OBJ_253 /* Build configuration list for PBXAggregateTarget "ios-core-libraryPackageTests" */ = {
			isa = XCConfigurationList;
			buildConfigurations = (
				OBJ_254 /* Debug */,
				OBJ_255 /* Release */,
			);
			defaultConfigurationIsVisible = 0;
			defaultConfigurationName = Release;
		};
		OBJ_258 /* Build configuration list for PBXNativeTarget "ios-core-libraryTests" */ = {
			isa = XCConfigurationList;
			buildConfigurations = (
				OBJ_259 /* Debug */,
				OBJ_260 /* Release */,
			);
			defaultConfigurationIsVisible = 0;
			defaultConfigurationName = Release;
		};
/* End XCConfigurationList section */
	};
	rootObject = OBJ_1 /* Project object */;
}
